
Microsoft Visual Studio Solution File, Format Version 12.00
# Visual Studio 15
VisualStudioVersion = 15.0.26124.0
MinimumVisualStudioVersion = 15.0.26124.0
Project("{2150E333-8FDC-42A3-9474-1A3956D46DE8}") = "src", "src", "{5F662B85-0714-409D-B157-B7DD18DB3FE5}"
EndProject
Project("{FAE04EC0-301F-11D3-BF4B-00C04F79EFBC}") = "Cyborg.Core", "src\Cyborg.Core\Cyborg.Core.csproj", "{A176A0EA-580D-48AD-87D4-8D16A5900E78}"
EndProject
Project("{FAE04EC0-301F-11D3-BF4B-00C04F79EFBC}") = "Cyborg.DesktopGL", "src\Cyborg.DesktopGL\Cyborg.DesktopGL.csproj", "{D42FBDC5-25A6-464F-8FB6-1C8D664E0584}"
EndProject
Global
	GlobalSection(SolutionConfigurationPlatforms) = preSolution
		Debug|Any CPU = Debug|Any CPU
		Debug|x64 = Debug|x64
		Debug|x86 = Debug|x86
		Release|Any CPU = Release|Any CPU
		Release|x64 = Release|x64
		Release|x86 = Release|x86
	EndGlobalSection
	GlobalSection(SolutionProperties) = preSolution
		HideSolutionNode = FALSE
	EndGlobalSection
	GlobalSection(ProjectConfigurationPlatforms) = postSolution
		{A176A0EA-580D-48AD-87D4-8D16A5900E78}.Debug|Any CPU.ActiveCfg = Debug|Any CPU
		{A176A0EA-580D-48AD-87D4-8D16A5900E78}.Debug|Any CPU.Build.0 = Debug|Any CPU
		{A176A0EA-580D-48AD-87D4-8D16A5900E78}.Debug|x64.ActiveCfg = Debug|Any CPU
		{A176A0EA-580D-48AD-87D4-8D16A5900E78}.Debug|x64.Build.0 = Debug|Any CPU
		{A176A0EA-580D-48AD-87D4-8D16A5900E78}.Debug|x86.ActiveCfg = Debug|Any CPU
		{A176A0EA-580D-48AD-87D4-8D16A5900E78}.Debug|x86.Build.0 = Debug|Any CPU
		{A176A0EA-580D-48AD-87D4-8D16A5900E78}.Release|Any CPU.ActiveCfg = Release|Any CPU
		{A176A0EA-580D-48AD-87D4-8D16A5900E78}.Release|Any CPU.Build.0 = Release|Any CPU
		{A176A0EA-580D-48AD-87D4-8D16A5900E78}.Release|x64.ActiveCfg = Release|Any CPU
		{A176A0EA-580D-48AD-87D4-8D16A5900E78}.Release|x64.Build.0 = Release|Any CPU
		{A176A0EA-580D-48AD-87D4-8D16A5900E78}.Release|x86.ActiveCfg = Release|Any CPU
		{A176A0EA-580D-48AD-87D4-8D16A5900E78}.Release|x86.Build.0 = Release|Any CPU
		{D42FBDC5-25A6-464F-8FB6-1C8D664E0584}.Debug|Any CPU.ActiveCfg = Debug|Any CPU
		{D42FBDC5-25A6-464F-8FB6-1C8D664E0584}.Debug|Any CPU.Build.0 = Debug|Any CPU
		{D42FBDC5-25A6-464F-8FB6-1C8D664E0584}.Debug|x64.ActiveCfg = Debug|Any CPU
		{D42FBDC5-25A6-464F-8FB6-1C8D664E0584}.Debug|x64.Build.0 = Debug|Any CPU
		{D42FBDC5-25A6-464F-8FB6-1C8D664E0584}.Debug|x86.ActiveCfg = Debug|Any CPU
		{D42FBDC5-25A6-464F-8FB6-1C8D664E0584}.Debug|x86.Build.0 = Debug|Any CPU
		{D42FBDC5-25A6-464F-8FB6-1C8D664E0584}.Release|Any CPU.ActiveCfg = Release|Any CPU
		{D42FBDC5-25A6-464F-8FB6-1C8D664E0584}.Release|Any CPU.Build.0 = Release|Any CPU
		{D42FBDC5-25A6-464F-8FB6-1C8D664E0584}.Release|x64.ActiveCfg = Release|Any CPU
		{D42FBDC5-25A6-464F-8FB6-1C8D664E0584}.Release|x64.Build.0 = Release|Any CPU
		{D42FBDC5-25A6-464F-8FB6-1C8D664E0584}.Release|x86.ActiveCfg = Release|Any CPU
		{D42FBDC5-25A6-464F-8FB6-1C8D664E0584}.Release|x86.Build.0 = Release|Any CPU
	EndGlobalSection
	GlobalSection(NestedProjects) = preSolution
		{A176A0EA-580D-48AD-87D4-8D16A5900E78} = {5F662B85-0714-409D-B157-B7DD18DB3FE5}
		{D42FBDC5-25A6-464F-8FB6-1C8D664E0584} = {5F662B85-0714-409D-B157-B7DD18DB3FE5}
	EndGlobalSection
EndGlobal
